Microsoft Visual Studio Solution File, Format Version 8.00
Project("{F184B08F-C81C-45F6-A57F-5ABD9991F28F}") = "MsSqlParser", "MsSqlParser.vbproj", "{EDE742F5-6CCC-44F7-8D71-0AD2BA19C8D0}"
	ProjectSection(ProjectDependencies) = postProject
	EndProjectSection
EndProject
Global
	GlobalSection(SolutionConfiguration) = preSolution
		Debug = Debug
		Release = Release
	EndGlobalSection
	GlobalSection(ProjectConfiguration) = postSolution
		{EDE742F5-6CCC-44F7-8D71-0AD2BA19C8D0}.Debug.ActiveCfg = Debug|.NET
		{EDE742F5-6CCC-44F7-8D71-0AD2BA19C8D0}.Debug.Build.0 = Debug|.NET
		{EDE742F5-6CCC-44F7-8D71-0AD2BA19C8D0}.Release.ActiveCfg = Release|.NET
		{EDE742F5-6CCC-44F7-8D71-0AD2BA19C8D0}.Release.Build.0 = Release|.NET
	EndGlobalSection
	GlobalSection(ExtensibilityGlobals) = postSolution
	EndGlobalSection
	GlobalSection(ExtensibilityAddIns) = postSolution
	EndGlobalSection
EndGlobal
